
Microsoft Visual Studio Solution File, Format Version 12.00
# Visual Studio 15
VisualStudioVersion = 15.0.28307.539
MinimumVisualStudioVersion = 10.0.40219.1
Project("{FAE04EC0-301F-11D3-BF4B-00C04F79EFBC}") = "Cap03_Ex04", "Cap03_Ex04\Cap03_Ex04.csproj", "{7D7A1AFC-1745-4266-8ECD-8D515468B57A}"
EndProject
Global
	GlobalSection(SolutionConfigurationPlatforms) = preSolution
		Debug|Any CPU = Debug|Any CPU
		Release|Any CPU = Release|Any CPU
	EndGlobalSection
	GlobalSection(ProjectConfigurationPlatforms) = postSolution
		{7D7A1AFC-1745-4266-8ECD-8D515468B57A}.Debug|Any CPU.ActiveCfg = Debug|Any CPU
		{7D7A1AFC-1745-4266-8ECD-8D515468B57A}.Debug|Any CPU.Build.0 = Debug|Any CPU
		{7D7A1AFC-1745-4266-8ECD-8D515468B57A}.Release|Any CPU.ActiveCfg = Release|Any CPU
		{7D7A1AFC-1745-4266-8ECD-8D515468B57A}.Release|Any CPU.Build.0 = Release|Any CPU
	EndGlobalSection
	GlobalSection(SolutionProperties) = preSolution
		HideSolutionNode = FALSE
	EndGlobalSection
	GlobalSection(ExtensibilityGlobals) = postSolution
		SolutionGuid = {607EA2E5-E830-405C-890B-45BB02C68234}
	EndGlobalSection
EndGlobal
