
Microsoft Visual Studio Solution File, Format Version 12.00
# Visual Studio 15
VisualStudioVersion = 15.0.28307.539
MinimumVisualStudioVersion = 10.0.40219.1
Project("{FAE04EC0-301F-11D3-BF4B-00C04F79EFBC}") = "Cap03_Ex02", "Cap03_Ex02\Cap03_Ex02.csproj", "{6ACA3708-E2AD-4ACA-9FFC-85223C12DC1C}"
EndProject
Global
	GlobalSection(SolutionConfigurationPlatforms) = preSolution
		Debug|Any CPU = Debug|Any CPU
		Release|Any CPU = Release|Any CPU
	EndGlobalSection
	GlobalSection(ProjectConfigurationPlatforms) = postSolution
		{6ACA3708-E2AD-4ACA-9FFC-85223C12DC1C}.Debug|Any CPU.ActiveCfg = Debug|Any CPU
		{6ACA3708-E2AD-4ACA-9FFC-85223C12DC1C}.Debug|Any CPU.Build.0 = Debug|Any CPU
		{6ACA3708-E2AD-4ACA-9FFC-85223C12DC1C}.Release|Any CPU.ActiveCfg = Release|Any CPU
		{6ACA3708-E2AD-4ACA-9FFC-85223C12DC1C}.Release|Any CPU.Build.0 = Release|Any CPU
	EndGlobalSection
	GlobalSection(SolutionProperties) = preSolution
		HideSolutionNode = FALSE
	EndGlobalSection
	GlobalSection(ExtensibilityGlobals) = postSolution
		SolutionGuid = {E58144F5-E145-4426-A111-9914024E39C5}
	EndGlobalSection
EndGlobal
