
Microsoft Visual Studio Solution File, Format Version 12.00
# Visual Studio 15
VisualStudioVersion = 15.0.28307.705
MinimumVisualStudioVersion = 10.0.40219.1
Project("{FAE04EC0-301F-11D3-BF4B-00C04F79EFBC}") = "Cap08_Ativ03", "Cap08_Ativ03\Cap08_Ativ03.csproj", "{005BE702-05AF-4553-8EB9-8B9BB90F530A}"
EndProject
Global
	GlobalSection(SolutionConfigurationPlatforms) = preSolution
		Debug|Any CPU = Debug|Any CPU
		Release|Any CPU = Release|Any CPU
	EndGlobalSection
	GlobalSection(ProjectConfigurationPlatforms) = postSolution
		{005BE702-05AF-4553-8EB9-8B9BB90F530A}.Debug|Any CPU.ActiveCfg = Debug|Any CPU
		{005BE702-05AF-4553-8EB9-8B9BB90F530A}.Debug|Any CPU.Build.0 = Debug|Any CPU
		{005BE702-05AF-4553-8EB9-8B9BB90F530A}.Release|Any CPU.ActiveCfg = Release|Any CPU
		{005BE702-05AF-4553-8EB9-8B9BB90F530A}.Release|Any CPU.Build.0 = Release|Any CPU
	EndGlobalSection
	GlobalSection(SolutionProperties) = preSolution
		HideSolutionNode = FALSE
	EndGlobalSection
	GlobalSection(ExtensibilityGlobals) = postSolution
		SolutionGuid = {49DEF50D-45E3-406B-B127-41C87EE76D73}
	EndGlobalSection
EndGlobal
