
Microsoft Visual Studio Solution File, Format Version 12.00
# Visual Studio 15
VisualStudioVersion = 15.0.28307.421
MinimumVisualStudioVersion = 10.0.40219.1
Project("{FAE04EC0-301F-11D3-BF4B-00C04F79EFBC}") = "Cap02_Ativ05", "Cap02_Ativ05\Cap02_Ativ05.csproj", "{908EB2AF-7B64-42AE-A3C8-5EE3441A95EC}"
EndProject
Global
	GlobalSection(SolutionConfigurationPlatforms) = preSolution
		Debug|Any CPU = Debug|Any CPU
		Release|Any CPU = Release|Any CPU
	EndGlobalSection
	GlobalSection(ProjectConfigurationPlatforms) = postSolution
		{908EB2AF-7B64-42AE-A3C8-5EE3441A95EC}.Debug|Any CPU.ActiveCfg = Debug|Any CPU
		{908EB2AF-7B64-42AE-A3C8-5EE3441A95EC}.Debug|Any CPU.Build.0 = Debug|Any CPU
		{908EB2AF-7B64-42AE-A3C8-5EE3441A95EC}.Release|Any CPU.ActiveCfg = Release|Any CPU
		{908EB2AF-7B64-42AE-A3C8-5EE3441A95EC}.Release|Any CPU.Build.0 = Release|Any CPU
	EndGlobalSection
	GlobalSection(SolutionProperties) = preSolution
		HideSolutionNode = FALSE
	EndGlobalSection
	GlobalSection(ExtensibilityGlobals) = postSolution
		SolutionGuid = {706280F6-F670-4024-A788-F10B6FE0C988}
	EndGlobalSection
EndGlobal
