
Microsoft Visual Studio Solution File, Format Version 12.00
# Visual Studio 15
VisualStudioVersion = 15.0.28307.539
MinimumVisualStudioVersion = 10.0.40219.1
Project("{FAE04EC0-301F-11D3-BF4B-00C04F79EFBC}") = "Cap03_Ex08", "Cap03_Ex08\Cap03_Ex08.csproj", "{5C400DE1-4C10-446E-B886-F8592AB6349A}"
EndProject
Global
	GlobalSection(SolutionConfigurationPlatforms) = preSolution
		Debug|Any CPU = Debug|Any CPU
		Release|Any CPU = Release|Any CPU
	EndGlobalSection
	GlobalSection(ProjectConfigurationPlatforms) = postSolution
		{5C400DE1-4C10-446E-B886-F8592AB6349A}.Debug|Any CPU.ActiveCfg = Debug|Any CPU
		{5C400DE1-4C10-446E-B886-F8592AB6349A}.Debug|Any CPU.Build.0 = Debug|Any CPU
		{5C400DE1-4C10-446E-B886-F8592AB6349A}.Release|Any CPU.ActiveCfg = Release|Any CPU
		{5C400DE1-4C10-446E-B886-F8592AB6349A}.Release|Any CPU.Build.0 = Release|Any CPU
	EndGlobalSection
	GlobalSection(SolutionProperties) = preSolution
		HideSolutionNode = FALSE
	EndGlobalSection
	GlobalSection(ExtensibilityGlobals) = postSolution
		SolutionGuid = {B92D14B5-64F4-4ADB-9806-C2733C266B2D}
	EndGlobalSection
EndGlobal
