
Microsoft Visual Studio Solution File, Format Version 12.00
# Visual Studio 15
VisualStudioVersion = 15.0.28307.539
MinimumVisualStudioVersion = 10.0.40219.1
Project("{FAE04EC0-301F-11D3-BF4B-00C04F79EFBC}") = "Cap06_Ativ04", "Cap06_Ativ04\Cap06_Ativ04.csproj", "{12B4381C-74B3-49EF-A200-5043A4458576}"
EndProject
Global
	GlobalSection(SolutionConfigurationPlatforms) = preSolution
		Debug|Any CPU = Debug|Any CPU
		Release|Any CPU = Release|Any CPU
	EndGlobalSection
	GlobalSection(ProjectConfigurationPlatforms) = postSolution
		{12B4381C-74B3-49EF-A200-5043A4458576}.Debug|Any CPU.ActiveCfg = Debug|Any CPU
		{12B4381C-74B3-49EF-A200-5043A4458576}.Debug|Any CPU.Build.0 = Debug|Any CPU
		{12B4381C-74B3-49EF-A200-5043A4458576}.Release|Any CPU.ActiveCfg = Release|Any CPU
		{12B4381C-74B3-49EF-A200-5043A4458576}.Release|Any CPU.Build.0 = Release|Any CPU
	EndGlobalSection
	GlobalSection(SolutionProperties) = preSolution
		HideSolutionNode = FALSE
	EndGlobalSection
	GlobalSection(ExtensibilityGlobals) = postSolution
		SolutionGuid = {415BAB84-20D1-4E9B-918D-6DB14472F399}
	EndGlobalSection
EndGlobal
