
Microsoft Visual Studio Solution File, Format Version 12.00
# Visual Studio 15
VisualStudioVersion = 15.0.28307.539
MinimumVisualStudioVersion = 10.0.40219.1
Project("{FAE04EC0-301F-11D3-BF4B-00C04F79EFBC}") = "Cap04_Ex04", "Cap04_Ex04\Cap04_Ex04.csproj", "{65587BD6-2D17-4C15-833C-2046C0D57A77}"
EndProject
Global
	GlobalSection(SolutionConfigurationPlatforms) = preSolution
		Debug|Any CPU = Debug|Any CPU
		Release|Any CPU = Release|Any CPU
	EndGlobalSection
	GlobalSection(ProjectConfigurationPlatforms) = postSolution
		{65587BD6-2D17-4C15-833C-2046C0D57A77}.Debug|Any CPU.ActiveCfg = Debug|Any CPU
		{65587BD6-2D17-4C15-833C-2046C0D57A77}.Debug|Any CPU.Build.0 = Debug|Any CPU
		{65587BD6-2D17-4C15-833C-2046C0D57A77}.Release|Any CPU.ActiveCfg = Release|Any CPU
		{65587BD6-2D17-4C15-833C-2046C0D57A77}.Release|Any CPU.Build.0 = Release|Any CPU
	EndGlobalSection
	GlobalSection(SolutionProperties) = preSolution
		HideSolutionNode = FALSE
	EndGlobalSection
	GlobalSection(ExtensibilityGlobals) = postSolution
		SolutionGuid = {225DDB22-EB0E-479C-8634-8DF2E38F8167}
	EndGlobalSection
EndGlobal
