
Microsoft Visual Studio Solution File, Format Version 12.00
# Visual Studio 15
VisualStudioVersion = 15.0.28307.421
MinimumVisualStudioVersion = 10.0.40219.1
Project("{FAE04EC0-301F-11D3-BF4B-00C04F79EFBC}") = "Cap03_Ativ04", "Cap03_Ativ04\Cap03_Ativ04.csproj", "{F5B304C4-4ED0-4494-A2C0-66F55B61DFD3}"
EndProject
Global
	GlobalSection(SolutionConfigurationPlatforms) = preSolution
		Debug|Any CPU = Debug|Any CPU
		Release|Any CPU = Release|Any CPU
	EndGlobalSection
	GlobalSection(ProjectConfigurationPlatforms) = postSolution
		{F5B304C4-4ED0-4494-A2C0-66F55B61DFD3}.Debug|Any CPU.ActiveCfg = Debug|Any CPU
		{F5B304C4-4ED0-4494-A2C0-66F55B61DFD3}.Debug|Any CPU.Build.0 = Debug|Any CPU
		{F5B304C4-4ED0-4494-A2C0-66F55B61DFD3}.Release|Any CPU.ActiveCfg = Release|Any CPU
		{F5B304C4-4ED0-4494-A2C0-66F55B61DFD3}.Release|Any CPU.Build.0 = Release|Any CPU
	EndGlobalSection
	GlobalSection(SolutionProperties) = preSolution
		HideSolutionNode = FALSE
	EndGlobalSection
	GlobalSection(ExtensibilityGlobals) = postSolution
		SolutionGuid = {C9EBAE29-7BE8-426C-891B-3B3E5897D073}
	EndGlobalSection
EndGlobal
