
Microsoft Visual Studio Solution File, Format Version 12.00
# Visual Studio 15
VisualStudioVersion = 15.0.28307.539
MinimumVisualStudioVersion = 10.0.40219.1
Project("{FAE04EC0-301F-11D3-BF4B-00C04F79EFBC}") = "Cap03_Ex11", "Cap03_Ex11\Cap03_Ex11.csproj", "{D30795B0-499A-4C23-91CF-51064BBEEA0C}"
EndProject
Global
	GlobalSection(SolutionConfigurationPlatforms) = preSolution
		Debug|Any CPU = Debug|Any CPU
		Release|Any CPU = Release|Any CPU
	EndGlobalSection
	GlobalSection(ProjectConfigurationPlatforms) = postSolution
		{D30795B0-499A-4C23-91CF-51064BBEEA0C}.Debug|Any CPU.ActiveCfg = Debug|Any CPU
		{D30795B0-499A-4C23-91CF-51064BBEEA0C}.Debug|Any CPU.Build.0 = Debug|Any CPU
		{D30795B0-499A-4C23-91CF-51064BBEEA0C}.Release|Any CPU.ActiveCfg = Release|Any CPU
		{D30795B0-499A-4C23-91CF-51064BBEEA0C}.Release|Any CPU.Build.0 = Release|Any CPU
	EndGlobalSection
	GlobalSection(SolutionProperties) = preSolution
		HideSolutionNode = FALSE
	EndGlobalSection
	GlobalSection(ExtensibilityGlobals) = postSolution
		SolutionGuid = {398039DC-9A6D-427B-880B-8B629DB7EB72}
	EndGlobalSection
EndGlobal
