
Microsoft Visual Studio Solution File, Format Version 12.00
# Visual Studio 15
VisualStudioVersion = 15.0.28307.539
MinimumVisualStudioVersion = 10.0.40219.1
Project("{FAE04EC0-301F-11D3-BF4B-00C04F79EFBC}") = "Cap03_Ex14", "Cap03_Ex14\Cap03_Ex14.csproj", "{C25230C2-FAEA-4351-83B8-8E2B27FBE2C3}"
EndProject
Global
	GlobalSection(SolutionConfigurationPlatforms) = preSolution
		Debug|Any CPU = Debug|Any CPU
		Release|Any CPU = Release|Any CPU
	EndGlobalSection
	GlobalSection(ProjectConfigurationPlatforms) = postSolution
		{C25230C2-FAEA-4351-83B8-8E2B27FBE2C3}.Debug|Any CPU.ActiveCfg = Debug|Any CPU
		{C25230C2-FAEA-4351-83B8-8E2B27FBE2C3}.Debug|Any CPU.Build.0 = Debug|Any CPU
		{C25230C2-FAEA-4351-83B8-8E2B27FBE2C3}.Release|Any CPU.ActiveCfg = Release|Any CPU
		{C25230C2-FAEA-4351-83B8-8E2B27FBE2C3}.Release|Any CPU.Build.0 = Release|Any CPU
	EndGlobalSection
	GlobalSection(SolutionProperties) = preSolution
		HideSolutionNode = FALSE
	EndGlobalSection
	GlobalSection(ExtensibilityGlobals) = postSolution
		SolutionGuid = {636F5806-F862-464A-A590-33DF73A6E5CF}
	EndGlobalSection
EndGlobal
