
Microsoft Visual Studio Solution File, Format Version 12.00
# Visual Studio 15
VisualStudioVersion = 15.0.28307.539
MinimumVisualStudioVersion = 10.0.40219.1
Project("{FAE04EC0-301F-11D3-BF4B-00C04F79EFBC}") = "Cap04_Ex05", "Cap04_Ex05\Cap04_Ex05.csproj", "{F23F212D-7039-4862-AA80-8BC1CE63904B}"
EndProject
Global
	GlobalSection(SolutionConfigurationPlatforms) = preSolution
		Debug|Any CPU = Debug|Any CPU
		Release|Any CPU = Release|Any CPU
	EndGlobalSection
	GlobalSection(ProjectConfigurationPlatforms) = postSolution
		{F23F212D-7039-4862-AA80-8BC1CE63904B}.Debug|Any CPU.ActiveCfg = Debug|Any CPU
		{F23F212D-7039-4862-AA80-8BC1CE63904B}.Debug|Any CPU.Build.0 = Debug|Any CPU
		{F23F212D-7039-4862-AA80-8BC1CE63904B}.Release|Any CPU.ActiveCfg = Release|Any CPU
		{F23F212D-7039-4862-AA80-8BC1CE63904B}.Release|Any CPU.Build.0 = Release|Any CPU
	EndGlobalSection
	GlobalSection(SolutionProperties) = preSolution
		HideSolutionNode = FALSE
	EndGlobalSection
	GlobalSection(ExtensibilityGlobals) = postSolution
		SolutionGuid = {353DAB2E-F37E-4FF5-9F14-E356DB86A40C}
	EndGlobalSection
EndGlobal
