
Microsoft Visual Studio Solution File, Format Version 12.00
# Visual Studio 15
VisualStudioVersion = 15.0.28307.421
MinimumVisualStudioVersion = 10.0.40219.1
Project("{FAE04EC0-301F-11D3-BF4B-00C04F79EFBC}") = "Cap02_Ativ06", "Cap02_Ativ06\Cap02_Ativ06.csproj", "{7ABD7605-D8EF-4036-B48C-791682D4A986}"
EndProject
Global
	GlobalSection(SolutionConfigurationPlatforms) = preSolution
		Debug|Any CPU = Debug|Any CPU
		Release|Any CPU = Release|Any CPU
	EndGlobalSection
	GlobalSection(ProjectConfigurationPlatforms) = postSolution
		{7ABD7605-D8EF-4036-B48C-791682D4A986}.Debug|Any CPU.ActiveCfg = Debug|Any CPU
		{7ABD7605-D8EF-4036-B48C-791682D4A986}.Debug|Any CPU.Build.0 = Debug|Any CPU
		{7ABD7605-D8EF-4036-B48C-791682D4A986}.Release|Any CPU.ActiveCfg = Release|Any CPU
		{7ABD7605-D8EF-4036-B48C-791682D4A986}.Release|Any CPU.Build.0 = Release|Any CPU
	EndGlobalSection
	GlobalSection(SolutionProperties) = preSolution
		HideSolutionNode = FALSE
	EndGlobalSection
	GlobalSection(ExtensibilityGlobals) = postSolution
		SolutionGuid = {28E5019C-D076-42FA-A4AF-9E9FA217C482}
	EndGlobalSection
EndGlobal
