
Microsoft Visual Studio Solution File, Format Version 12.00
# Visual Studio 15
VisualStudioVersion = 15.0.28307.421
MinimumVisualStudioVersion = 10.0.40219.1
Project("{FAE04EC0-301F-11D3-BF4B-00C04F79EFBC}") = "Cap03_Ativ05", "Cap03_Ativ05\Cap03_Ativ05.csproj", "{DC7AA0F3-ED52-4DDA-8D57-32CE27FD6BB9}"
EndProject
Global
	GlobalSection(SolutionConfigurationPlatforms) = preSolution
		Debug|Any CPU = Debug|Any CPU
		Release|Any CPU = Release|Any CPU
	EndGlobalSection
	GlobalSection(ProjectConfigurationPlatforms) = postSolution
		{DC7AA0F3-ED52-4DDA-8D57-32CE27FD6BB9}.Debug|Any CPU.ActiveCfg = Debug|Any CPU
		{DC7AA0F3-ED52-4DDA-8D57-32CE27FD6BB9}.Debug|Any CPU.Build.0 = Debug|Any CPU
		{DC7AA0F3-ED52-4DDA-8D57-32CE27FD6BB9}.Release|Any CPU.ActiveCfg = Release|Any CPU
		{DC7AA0F3-ED52-4DDA-8D57-32CE27FD6BB9}.Release|Any CPU.Build.0 = Release|Any CPU
	EndGlobalSection
	GlobalSection(SolutionProperties) = preSolution
		HideSolutionNode = FALSE
	EndGlobalSection
	GlobalSection(ExtensibilityGlobals) = postSolution
		SolutionGuid = {330A9970-06E6-4F24-B8F8-F7A9B76A392F}
	EndGlobalSection
EndGlobal
