
Microsoft Visual Studio Solution File, Format Version 12.00
# Visual Studio 15
VisualStudioVersion = 15.0.28307.539
MinimumVisualStudioVersion = 10.0.40219.1
Project("{FAE04EC0-301F-11D3-BF4B-00C04F79EFBC}") = "Cap03_Ex15", "Cap03_Ex15\Cap03_Ex15.csproj", "{B9F9DE8B-D151-40BD-8E62-8C4BC42A1BF1}"
EndProject
Global
	GlobalSection(SolutionConfigurationPlatforms) = preSolution
		Debug|Any CPU = Debug|Any CPU
		Release|Any CPU = Release|Any CPU
	EndGlobalSection
	GlobalSection(ProjectConfigurationPlatforms) = postSolution
		{B9F9DE8B-D151-40BD-8E62-8C4BC42A1BF1}.Debug|Any CPU.ActiveCfg = Debug|Any CPU
		{B9F9DE8B-D151-40BD-8E62-8C4BC42A1BF1}.Debug|Any CPU.Build.0 = Debug|Any CPU
		{B9F9DE8B-D151-40BD-8E62-8C4BC42A1BF1}.Release|Any CPU.ActiveCfg = Release|Any CPU
		{B9F9DE8B-D151-40BD-8E62-8C4BC42A1BF1}.Release|Any CPU.Build.0 = Release|Any CPU
	EndGlobalSection
	GlobalSection(SolutionProperties) = preSolution
		HideSolutionNode = FALSE
	EndGlobalSection
	GlobalSection(ExtensibilityGlobals) = postSolution
		SolutionGuid = {D4749AAF-1D2E-4D9B-A4BD-4E61EB1F2911}
	EndGlobalSection
EndGlobal
