
Microsoft Visual Studio Solution File, Format Version 12.00
# Visual Studio 15
VisualStudioVersion = 15.0.28307.539
MinimumVisualStudioVersion = 10.0.40219.1
Project("{FAE04EC0-301F-11D3-BF4B-00C04F79EFBC}") = "Cap05_Ativ02", "Cap05_Ativ02\Cap05_Ativ02.csproj", "{8E2499E5-38A4-4F71-8191-16E20BD3CF37}"
EndProject
Global
	GlobalSection(SolutionConfigurationPlatforms) = preSolution
		Debug|Any CPU = Debug|Any CPU
		Release|Any CPU = Release|Any CPU
	EndGlobalSection
	GlobalSection(ProjectConfigurationPlatforms) = postSolution
		{8E2499E5-38A4-4F71-8191-16E20BD3CF37}.Debug|Any CPU.ActiveCfg = Debug|Any CPU
		{8E2499E5-38A4-4F71-8191-16E20BD3CF37}.Debug|Any CPU.Build.0 = Debug|Any CPU
		{8E2499E5-38A4-4F71-8191-16E20BD3CF37}.Release|Any CPU.ActiveCfg = Release|Any CPU
		{8E2499E5-38A4-4F71-8191-16E20BD3CF37}.Release|Any CPU.Build.0 = Release|Any CPU
	EndGlobalSection
	GlobalSection(SolutionProperties) = preSolution
		HideSolutionNode = FALSE
	EndGlobalSection
	GlobalSection(ExtensibilityGlobals) = postSolution
		SolutionGuid = {0D9CC296-286C-4E27-BF91-DA0C6363DD76}
	EndGlobalSection
EndGlobal
